// !$*UTF8*$!
{
	archiveVersion = 1;
	classes = {
	};
	objectVersion = 55;
	objects = {

/* Begin PBXBuildFile section */
		9D18C160276C80A000CD80B3 /* CameraViewController.swift in Sources */ = {isa = PBXBuildFile; fileRef = 9D18C15F276C80A000CD80B3 /* CameraViewController.swift */; };
		9D18C162276C80FC00CD80B3 /* AudioViewController.swift in Sources */ = {isa = PBXBuildFile; fileRef = 9D18C161276C80FC00CD80B3 /* AudioViewController.swift */; };
		9D18C166276C828F00CD80B3 /* TextViewController.swift in Sources */ = {isa = PBXBuildFile; fileRef = 9D18C165276C828F00CD80B3 /* TextViewController.swift */; };
		9D18C168276C82CB00CD80B3 /* CalendarViewController.swift in Sources */ = {isa = PBXBuildFile; fileRef = 9D18C167276C82CB00CD80B3 /* CalendarViewController.swift */; };
		9D3F1A4B2774EFC300DF5D6E /* SetupViewController.swift in Sources */ = {isa = PBXBuildFile; fileRef = 9D3F1A4A2774EFC300DF5D6E /* SetupViewController.swift */; };
		9D3F1A4D2774F14B00DF5D6E /* FileViewController.swift in Sources */ = {isa = PBXBuildFile; fileRef = 9D3F1A4C2774F14B00DF5D6E /* FileViewController.swift */; };
		9D3F1A4F27750BB000DF5D6E /* PhotoFileTableViewController.swift in Sources */ = {isa = PBXBuildFile; fileRef = 9D3F1A4E27750BB000DF5D6E /* PhotoFileTableViewController.swift */; };
		9D3F1A5127750BC900DF5D6E /* AudioFileTableViewController.swift in Sources */ = {isa = PBXBuildFile; fileRef = 9D3F1A5027750BC900DF5D6E /* AudioFileTableViewController.swift */; };
		9D3F1A5327750BDE00DF5D6E /* TextFileTableViewController.swift in Sources */ = {isa = PBXBuildFile; fileRef = 9D3F1A5227750BDE00DF5D6E /* TextFileTableViewController.swift */; };
		9D3F1A5527751AC200DF5D6E /* PhotoDetailViewController.swift in Sources */ = {isa = PBXBuildFile; fileRef = 9D3F1A5427751AC200DF5D6E /* PhotoDetailViewController.swift */; };
		9D3F1A5727752FED00DF5D6E /* MainNavigationController.swift in Sources */ = {isa = PBXBuildFile; fileRef = 9D3F1A5627752FED00DF5D6E /* MainNavigationController.swift */; };
		9D3F1A592775302600DF5D6E /* FileNavigationController.swift in Sources */ = {isa = PBXBuildFile; fileRef = 9D3F1A582775302600DF5D6E /* FileNavigationController.swift */; };
		9D3F1A5B2775306400DF5D6E /* SetupNavigationController.swift in Sources */ = {isa = PBXBuildFile; fileRef = 9D3F1A5A2775306400DF5D6E /* SetupNavigationController.swift */; };
		9DC737AA275FDE90001555AE /* AppDelegate.swift in Sources */ = {isa = PBXBuildFile; fileRef = 9DC737A9275FDE90001555AE /* AppDelegate.swift */; };
		9DC737AC275FDE90001555AE /* SceneDelegate.swift in Sources */ = {isa = PBXBuildFile; fileRef = 9DC737AB275FDE90001555AE /* SceneDelegate.swift */; };
		9DC737AE275FDE90001555AE /* ViewController.swift in Sources */ = {isa = PBXBuildFile; fileRef = 9DC737AD275FDE90001555AE /* ViewController.swift */; };
		9DC737B1275FDE90001555AE /* Main.storyboard in Resources */ = {isa = PBXBuildFile; fileRef = 9DC737AF275FDE90001555AE /* Main.storyboard */; };
		9DC737B3275FDE91001555AE /* Assets.xcassets in Resources */ = {isa = PBXBuildFile; fileRef = 9DC737B2275FDE91001555AE /* Assets.xcassets */; };
		9DC737B6275FDE91001555AE /* LaunchScreen.storyboard in Resources */ = {isa = PBXBuildFile; fileRef = 9DC737B4275FDE91001555AE /* LaunchScreen.storyboard */; };
		9DD9046D277434EB00D3AF5A /* xbraindatabase.db3 in Resources */ = {isa = PBXBuildFile; fileRef = 9DD9046C277434EB00D3AF5A /* xbraindatabase.db3 */; };
/* End PBXBuildFile section */

/* Begin PBXFileReference section */
		9D18C15F276C80A000CD80B3 /* CameraViewController.swift */ = {isa = PBXFileReference; lastKnownFileType = sourcecode.swift; path = CameraViewController.swift; sourceTree = "<group>"; };
		9D18C161276C80FC00CD80B3 /* AudioViewController.swift */ = {isa = PBXFileReference; lastKnownFileType = sourcecode.swift; path = AudioViewController.swift; sourceTree = "<group>"; };
		9D18C165276C828F00CD80B3 /* TextViewController.swift */ = {isa = PBXFileReference; lastKnownFileType = sourcecode.swift; path = TextViewController.swift; sourceTree = "<group>"; };
		9D18C167276C82CB00CD80B3 /* CalendarViewController.swift */ = {isa = PBXFileReference; lastKnownFileType = sourcecode.swift; path = CalendarViewController.swift; sourceTree = "<group>"; };
		9D3F1A4A2774EFC300DF5D6E /* SetupViewController.swift */ = {isa = PBXFileReference; lastKnownFileType = sourcecode.swift; path = SetupViewController.swift; sourceTree = "<group>"; };
		9D3F1A4C2774F14B00DF5D6E /* FileViewController.swift */ = {isa = PBXFileReference; lastKnownFileType = sourcecode.swift; path = FileViewController.swift; sourceTree = "<group>"; };
		9D3F1A4E27750BB000DF5D6E /* PhotoFileTableViewController.swift */ = {isa = PBXFileReference; lastKnownFileType = sourcecode.swift; path = PhotoFileTableViewController.swift; sourceTree = "<group>"; };
		9D3F1A5027750BC900DF5D6E /* AudioFileTableViewController.swift */ = {isa = PBXFileReference; lastKnownFileType = sourcecode.swift; path = AudioFileTableViewController.swift; sourceTree = "<group>"; };
		9D3F1A5227750BDE00DF5D6E /* TextFileTableViewController.swift */ = {isa = PBXFileReference; lastKnownFileType = sourcecode.swift; path = TextFileTableViewController.swift; sourceTree = "<group>"; };
		9D3F1A5427751AC200DF5D6E /* PhotoDetailViewController.swift */ = {isa = PBXFileReference; lastKnownFileType = sourcecode.swift; path = PhotoDetailViewController.swift; sourceTree = "<group>"; };
		9D3F1A5627752FED00DF5D6E /* MainNavigationController.swift */ = {isa = PBXFileReference; lastKnownFileType = sourcecode.swift; path = MainNavigationController.swift; sourceTree = "<group>"; };
		9D3F1A582775302600DF5D6E /* FileNavigationController.swift */ = {isa = PBXFileReference; lastKnownFileType = sourcecode.swift; path = FileNavigationController.swift; sourceTree = "<group>"; };
		9D3F1A5A2775306400DF5D6E /* SetupNavigationController.swift */ = {isa = PBXFileReference; lastKnownFileType = sourcecode.swift; path = SetupNavigationController.swift; sourceTree = "<group>"; };
		9DC737A6275FDE8F001555AE /* XbrainPhone.app */ = {isa = PBXFileReference; explicitFileType = wrapper.application; includeInIndex = 0; path = XbrainPhone.app; sourceTree = BUILT_PRODUCTS_DIR; };
		9DC737A9275FDE90001555AE /* AppDelegate.swift */ = {isa = PBXFileReference; lastKnownFileType = sourcecode.swift; path = AppDelegate.swift; sourceTree = "<group>"; };
		9DC737AB275FDE90001555AE /* SceneDelegate.swift */ = {isa = PBXFileReference; lastKnownFileType = sourcecode.swift; path = SceneDelegate.swift; sourceTree = "<group>"; };
		9DC737AD275FDE90001555AE /* ViewController.swift */ = {isa = PBXFileReference; lastKnownFileType = sourcecode.swift; path = ViewController.swift; sourceTree = "<group>"; };
		9DC737B0275FDE90001555AE /* Base */ = {isa = PBXFileReference; lastKnownFileType = file.storyboard; name = Base; path = Base.lproj/Main.storyboard; sourceTree = "<group>"; };
		9DC737B2275FDE91001555AE /* Assets.xcassets */ = {isa = PBXFileReference; lastKnownFileType = folder.assetcatalog; path = Assets.xcassets; sourceTree = "<group>"; };
		9DC737B5275FDE91001555AE /* Base */ = {isa = PBXFileReference; lastKnownFileType = file.storyboard; name = Base; path = Base.lproj/LaunchScreen.storyboard; sourceTree = "<group>"; };
		9DC737B7275FDE91001555AE /* Info.plist */ = {isa = PBXFileReference; lastKnownFileType = text.plist.xml; path = Info.plist; sourceTree = "<group>"; };
		9DD9046C277434EB00D3AF5A /* xbraindatabase.db3 */ = {isa = PBXFileReference; lastKnownFileType = file; path = xbraindatabase.db3; sourceTree = "<group>"; };
/* End PBXFileReference section */

/* Begin PBXFrameworksBuildPhase section */
		9DC737A3275FDE8F001555AE /* Frameworks */ = {
			isa = PBXFrameworksBuildPhase;
			buildActionMask = 2147483647;
			files = (
			);
			runOnlyForDeploymentPostprocessing = 0;
		};
/* End PBXFrameworksBuildPhase section */

/* Begin PBXGroup section */
		9DC7379D275FDE8F001555AE = {
			isa = PBXGroup;
			children = (
				9DC737A8275FDE90001555AE /* XbrainPhone */,
				9DC737A7275FDE8F001555AE /* Products */,
			);
			sourceTree = "<group>";
		};
		9DC737A7275FDE8F001555AE /* Products */ = {
			isa = PBXGroup;
			children = (
				9DC737A6275FDE8F001555AE /* XbrainPhone.app */,
			);
			name = Products;
			sourceTree = "<group>";
		};
		9DC737A8275FDE90001555AE /* XbrainPhone */ = {
			isa = PBXGroup;
			children = (
				9DD9046C277434EB00D3AF5A /* xbraindatabase.db3 */,
				9DC737A9275FDE90001555AE /* AppDelegate.swift */,
				9DC737AB275FDE90001555AE /* SceneDelegate.swift */,
				9DC737AD275FDE90001555AE /* ViewController.swift */,
				9D18C15F276C80A000CD80B3 /* CameraViewController.swift */,
				9D18C161276C80FC00CD80B3 /* AudioViewController.swift */,
				9D18C165276C828F00CD80B3 /* TextViewController.swift */,
				9D18C167276C82CB00CD80B3 /* CalendarViewController.swift */,
				9D3F1A4C2774F14B00DF5D6E /* FileViewController.swift */,
				9D3F1A4A2774EFC300DF5D6E /* SetupViewController.swift */,
				9D3F1A4E27750BB000DF5D6E /* PhotoFileTableViewController.swift */,
				9D3F1A5427751AC200DF5D6E /* PhotoDetailViewController.swift */,
				9D3F1A5027750BC900DF5D6E /* AudioFileTableViewController.swift */,
				9D3F1A5227750BDE00DF5D6E /* TextFileTableViewController.swift */,
				9DC737AF275FDE90001555AE /* Main.storyboard */,
				9DC737B2275FDE91001555AE /* Assets.xcassets */,
				9DC737B4275FDE91001555AE /* LaunchScreen.storyboard */,
				9DC737B7275FDE91001555AE /* Info.plist */,
				9D3F1A5627752FED00DF5D6E /* MainNavigationController.swift */,
				9D3F1A582775302600DF5D6E /* FileNavigationController.swift */,
				9D3F1A5A2775306400DF5D6E /* SetupNavigationController.swift */,
			);
			path = XbrainPhone;
			sourceTree = "<group>";
		};
/* End PBXGroup section */

/* Begin PBXNativeTarget section */
		9DC737A5275FDE8F001555AE /* XbrainPhone */ = {
			isa = PBXNativeTarget;
			buildConfigurationList = 9DC737BA275FDE91001555AE /* Build configuration list for PBXNativeTarget "XbrainPhone" */;
			buildPhases = (
				9DC737A2275FDE8F001555AE /* Sources */,
				9DC737A3275FDE8F001555AE /* Frameworks */,
				9DC737A4275FDE8F001555AE /* Resources */,
			);
			buildRules = (
			);
			dependencies = (
			);
			name = XbrainPhone;
			productName = XbrainPhone;
			productReference = 9DC737A6275FDE8F001555AE /* XbrainPhone.app */;
			productType = "com.apple.product-type.application";
		};
/* End PBXNativeTarget section */

/* Begin PBXProject section */
		9DC7379E275FDE8F001555AE /* Project object */ = {
			isa = PBXProject;
			attributes = {
				BuildIndependentTargetsInParallel = 1;
				LastSwiftUpdateCheck = 1310;
				LastUpgradeCheck = 1310;
				TargetAttributes = {
					9DC737A5275FDE8F001555AE = {
						CreatedOnToolsVersion = 13.1;
					};
				};
			};
			buildConfigurationList = 9DC737A1275FDE8F001555AE /* Build configuration list for PBXProject "XbrainPhone" */;
			compatibilityVersion = "Xcode 13.0";
			developmentRegion = en;
			hasScannedForEncodings = 0;
			knownRegions = (
				en,
				Base,
			);
			mainGroup = 9DC7379D275FDE8F001555AE;
			productRefGroup = 9DC737A7275FDE8F001555AE /* Products */;
			projectDirPath = "";
			projectRoot = "";
			targets = (
				9DC737A5275FDE8F001555AE /* XbrainPhone */,
			);
		};
/* End PBXProject section */

/* Begin PBXResourcesBuildPhase section */
		9DC737A4275FDE8F001555AE /* Resources */ = {
			isa = PBXResourcesBuildPhase;
			buildActionMask = 2147483647;
			files = (
				9DC737B6275FDE91001555AE /* LaunchScreen.storyboard in Resources */,
				9DC737B3275FDE91001555AE /* Assets.xcassets in Resources */,
				9DD9046D277434EB00D3AF5A /* xbraindatabase.db3 in Resources */,
				9DC737B1275FDE90001555AE /* Main.storyboard in Resources */,
			);
			runOnlyForDeploymentPostprocessing = 0;
		};
/* End PBXResourcesBuildPhase section */

/* Begin PBXSourcesBuildPhase section */
		9DC737A2275FDE8F001555AE /* Sources */ = {
			isa = PBXSourcesBuildPhase;
			buildActionMask = 2147483647;
			files = (
				9D3F1A4D2774F14B00DF5D6E /* FileViewController.swift in Sources */,
				9DC737AE275FDE90001555AE /* ViewController.swift in Sources */,
				9D18C160276C80A000CD80B3 /* CameraViewController.swift in Sources */,
				9DC737AA275FDE90001555AE /* AppDelegate.swift in Sources */,
				9D3F1A5727752FED00DF5D6E /* MainNavigationController.swift in Sources */,
				9D3F1A5327750BDE00DF5D6E /* TextFileTableViewController.swift in Sources */,
				9D3F1A5527751AC200DF5D6E /* PhotoDetailViewController.swift in Sources */,
				9DC737AC275FDE90001555AE /* SceneDelegate.swift in Sources */,
				9D3F1A4B2774EFC300DF5D6E /* SetupViewController.swift in Sources */,
				9D3F1A592775302600DF5D6E /* FileNavigationController.swift in Sources */,
				9D3F1A4F27750BB000DF5D6E /* PhotoFileTableViewController.swift in Sources */,
				9D18C162276C80FC00CD80B3 /* AudioViewController.swift in Sources */,
				9D18C168276C82CB00CD80B3 /* CalendarViewController.swift in Sources */,
				9D3F1A5127750BC900DF5D6E /* AudioFileTableViewController.swift in Sources */,
				9D18C166276C828F00CD80B3 /* TextViewController.swift in Sources */,
				9D3F1A5B2775306400DF5D6E /* SetupNavigationController.swift in Sources */,
			);
			runOnlyForDeploymentPostprocessing = 0;
		};
/* End PBXSourcesBuildPhase section */

/* Begin PBXVariantGroup section */
		9DC737AF275FDE90001555AE /* Main.storyboard */ = {
			isa = PBXVariantGroup;
			children = (
				9DC737B0275FDE90001555AE /* Base */,
			);
			name = Main.storyboard;
			sourceTree = "<group>";
		};
		9DC737B4275FDE91001555AE /* LaunchScreen.storyboard */ = {
			isa = PBXVariantGroup;
			children = (
				9DC737B5275FDE91001555AE /* Base */,
			);
			name = LaunchScreen.storyboard;
			sourceTree = "<group>";
		};
/* End PBXVariantGroup section */

/* Begin XCBuildConfiguration section */
		9DC737B8275FDE91001555AE /* Debug */ = {
			isa = XCBuildConfiguration;
			buildSettings = {
				ALWAYS_SEARCH_USER_PATHS = NO;
				CLANG_ANALYZER_NONNULL = YES;
				CLANG_ANALYZER_NUMBER_OBJECT_CONVERSION = YES_AGGRESSIVE;
				CLANG_CXX_LANGUAGE_STANDARD = "gnu++17";
				CLANG_CXX_LIBRARY = "libc++";
				CLANG_ENABLE_MODULES = YES;
				CLANG_ENABLE_OBJC_ARC = YES;
				CLANG_ENABLE_OBJC_WEAK = YES;
				CLANG_WARN_BLOCK_CAPTURE_AUTORELEASING = YES;
				CLANG_WARN_BOOL_CONVERSION = YES;
				CLANG_WARN_COMMA = YES;
				CLANG_WARN_CONSTANT_CONVERSION = YES;
				CLANG_WARN_DEPRECATED_OBJC_IMPLEMENTATIONS = YES;
				CLANG_WARN_DIRECT_OBJC_ISA_USAGE = YES_ERROR;
				CLANG_WARN_DOCUMENTATION_COMMENTS = YES;
				CLANG_WARN_EMPTY_BODY = YES;
				CLANG_WARN_ENUM_CONVERSION = YES;
				CLANG_WARN_INFINITE_RECURSION = YES;
				CLANG_WARN_INT_CONVERSION = YES;
				CLANG_WARN_NON_LITERAL_NULL_CONVERSION = YES;
				CLANG_WARN_OBJC_IMPLICIT_RETAIN_SELF = YES;
				CLANG_WARN_OBJC_LITERAL_CONVERSION = YES;
				CLANG_WARN_OBJC_ROOT_CLASS = YES_ERROR;
				CLANG_WARN_QUOTED_INCLUDE_IN_FRAMEWORK_HEADER = YES;
				CLANG_WARN_RANGE_LOOP_ANALYSIS = YES;
				CLANG_WARN_STRICT_PROTOTYPES = YES;
				CLANG_WARN_SUSPICIOUS_MOVE = YES;
				CLANG_WARN_UNGUARDED_AVAILABILITY = YES_AGGRESSIVE;
				CLANG_WARN_UNREACHABLE_CODE = YES;
				CLANG_WARN__DUPLICATE_METHOD_MATCH = YES;
				COPY_PHASE_STRIP = NO;
				DEBUG_INFORMATION_FORMAT = dwarf;
				ENABLE_STRICT_OBJC_MSGSEND = YES;
				ENABLE_TESTABILITY = YES;
				GCC_C_LANGUAGE_STANDARD = gnu11;
				GCC_DYNAMIC_NO_PIC = NO;
				GCC_NO_COMMON_BLOCKS = YES;
				GCC_OPTIMIZATION_LEVEL = 0;
				GCC_PREPROCESSOR_DEFINITIONS = (
					"DEBUG=1",
					"$(inherited)",
				);
				GCC_WARN_64_TO_32_BIT_CONVERSION = YES;
				GCC_WARN_ABOUT_RETURN_TYPE = YES_ERROR;
				GCC_WARN_UNDECLARED_SELECTOR = YES;
				GCC_WARN_UNINITIALIZED_AUTOS = YES_AGGRESSIVE;
				GCC_WARN_UNUSED_FUNCTION = YES;
				GCC_WARN_UNUSED_VARIABLE = YES;
				IPHONEOS_DEPLOYMENT_TARGET = 15.0;
				MTL_ENABLE_DEBUG_INFO = INCLUDE_SOURCE;
				MTL_FAST_MATH = YES;
				ONLY_ACTIVE_ARCH = YES;
				SDKROOT = iphoneos;
				SWIFT_ACTIVE_COMPILATION_CONDITIONS = DEBUG;
				SWIFT_OPTIMIZATION_LEVEL = "-Onone";
			};
			name = Debug;
		};
		9DC737B9275FDE91001555AE /* Release */ = {
			isa = XCBuildConfiguration;
			buildSettings = {
				ALWAYS_SEARCH_USER_PATHS = NO;
				CLANG_ANALYZER_NONNULL = YES;
				CLANG_ANALYZER_NUMBER_OBJECT_CONVERSION = YES_AGGRESSIVE;
				CLANG_CXX_LANGUAGE_STANDARD = "gnu++17";
				CLANG_CXX_LIBRARY = "libc++";
				CLANG_ENABLE_MODULES = YES;
				CLANG_ENABLE_OBJC_ARC = YES;
				CLANG_ENABLE_OBJC_WEAK = YES;
				CLANG_WARN_BLOCK_CAPTURE_AUTORELEASING = YES;
				CLANG_WARN_BOOL_CONVERSION = YES;
				CLANG_WARN_COMMA = YES;
				CLANG_WARN_CONSTANT_CONVERSION = YES;
				CLANG_WARN_DEPRECATED_OBJC_IMPLEMENTATIONS = YES;
				CLANG_WARN_DIRECT_OBJC_ISA_USAGE = YES_ERROR;
				CLANG_WARN_DOCUMENTATION_COMMENTS = YES;
				CLANG_WARN_EMPTY_BODY = YES;
				CLANG_WARN_ENUM_CONVERSION = YES;
				CLANG_WARN_INFINITE_RECURSION = YES;
				CLANG_WARN_INT_CONVERSION = YES;
				CLANG_WARN_NON_LITERAL_NULL_CONVERSION = YES;
				CLANG_WARN_OBJC_IMPLICIT_RETAIN_SELF = YES;
				CLANG_WARN_OBJC_LITERAL_CONVERSION = YES;
				CLANG_WARN_OBJC_ROOT_CLASS = YES_ERROR;
				CLANG_WARN_QUOTED_INCLUDE_IN_FRAMEWORK_HEADER = YES;
				CLANG_WARN_RANGE_LOOP_ANALYSIS = YES;
				CLANG_WARN_STRICT_PROTOTYPES = YES;
				CLANG_WARN_SUSPICIOUS_MOVE = YES;
				CLANG_WARN_UNGUARDED_AVAILABILITY = YES_AGGRESSIVE;
				CLANG_WARN_UNREACHABLE_CODE = YES;
				CLANG_WARN__DUPLICATE_METHOD_MATCH = YES;
				COPY_PHASE_STRIP = NO;
				DEBUG_INFORMATION_FORMAT = "dwarf-with-dsym";
				ENABLE_NS_ASSERTIONS = NO;
				ENABLE_STRICT_OBJC_MSGSEND = YES;
				GCC_C_LANGUAGE_STANDARD = gnu11;
				GCC_NO_COMMON_BLOCKS = YES;
				GCC_WARN_64_TO_32_BIT_CONVERSION = YES;
				GCC_WARN_ABOUT_RETURN_TYPE = YES_ERROR;
				GCC_WARN_UNDECLARED_SELECTOR = YES;
				GCC_WARN_UNINITIALIZED_AUTOS = YES_AGGRESSIVE;
				GCC_WARN_UNUSED_FUNCTION = YES;
				GCC_WARN_UNUSED_VARIABLE = YES;
				IPHONEOS_DEPLOYMENT_TARGET = 15.0;
				MTL_ENABLE_DEBUG_INFO = NO;
				MTL_FAST_MATH = YES;
				SDKROOT = iphoneos;
				SWIFT_COMPILATION_MODE = wholemodule;
				SWIFT_OPTIMIZATION_LEVEL = "-O";
				VALIDATE_PRODUCT = YES;
			};
			name = Release;
		};
		9DC737BB275FDE91001555AE /* Debug */ = {
			isa = XCBuildConfiguration;
			buildSettings = {
				ASSETCATALOG_COMPILER_APPICON_NAME = AppIcon;
				ASSETCATALOG_COMPILER_GLOBAL_ACCENT_COLOR_NAME = AccentColor;
				CODE_SIGN_STYLE = Automatic;
				CURRENT_PROJECT_VERSION = 1;
				DEVELOPMENT_TEAM = 3Q8XQPM67G;
				GENERATE_INFOPLIST_FILE = YES;
				INFOPLIST_FILE = XbrainPhone/Info.plist;
				INFOPLIST_KEY_UIApplicationSupportsIndirectInputEvents = YES;
				INFOPLIST_KEY_UILaunchStoryboardName = LaunchScreen;
				INFOPLIST_KEY_UIMainStoryboardFile = Main;
				INFOPLIST_KEY_UISupportedInterfaceOrientations_iPad = "UIInterfaceOrientationPortrait UIInterfaceOrientationPortraitUpsideDown UIInterfaceOrientationLandscapeLeft UIInterfaceOrientationLandscapeRight";
				INFOPLIST_KEY_UISupportedInterfaceOrientations_iPhone = "UIInterfaceOrientationPortrait UIInterfaceOrientationLandscapeLeft UIInterfaceOrientationLandscapeRight";
				LD_RUNPATH_SEARCH_PATHS = (
					"$(inherited)",
					"@executable_path/Frameworks",
				);
				MARKETING_VERSION = 1.0;
				PRODUCT_BUNDLE_IDENTIFIER = "com.studio-pc.XbrainPhone";
				PRODUCT_NAME = "$(TARGET_NAME)";
				SWIFT_EMIT_LOC_STRINGS = YES;
				SWIFT_VERSION = 5.0;
				TARGETED_DEVICE_FAMILY = "1,2";
			};
			name = Debug;
		};
		9DC737BC275FDE91001555AE /* Release */ = {
			isa = XCBuildConfiguration;
			buildSettings = {
				ASSETCATALOG_COMPILER_APPICON_NAME = AppIcon;
				ASSETCATALOG_COMPILER_GLOBAL_ACCENT_COLOR_NAME = AccentColor;
				CODE_SIGN_STYLE = Automatic;
				CURRENT_PROJECT_VERSION = 1;
				DEVELOPMENT_TEAM = 3Q8XQPM67G;
				GENERATE_INFOPLIST_FILE = YES;
				INFOPLIST_FILE = XbrainPhone/Info.plist;
				INFOPLIST_KEY_UIApplicationSupportsIndirectInputEvents = YES;
				INFOPLIST_KEY_UILaunchStoryboardName = LaunchScreen;
				INFOPLIST_KEY_UIMainStoryboardFile = Main;
				INFOPLIST_KEY_UISupportedInterfaceOrientations_iPad = "UIInterfaceOrientationPortrait UIInterfaceOrientationPortraitUpsideDown UIInterfaceOrientationLandscapeLeft UIInterfaceOrientationLandscapeRight";
				INFOPLIST_KEY_UISupportedInterfaceOrientations_iPhone = "UIInterfaceOrientationPortrait UIInterfaceOrientationLandscapeLeft UIInterfaceOrientationLandscapeRight";
				LD_RUNPATH_SEARCH_PATHS = (
					"$(inherited)",
					"@executable_path/Frameworks",
				);
				MARKETING_VERSION = 1.0;
				PRODUCT_BUNDLE_IDENTIFIER = "com.studio-pc.XbrainPhone";
				PRODUCT_NAME = "$(TARGET_NAME)";
				SWIFT_EMIT_LOC_STRINGS = YES;
				SWIFT_VERSION = 5.0;
				TARGETED_DEVICE_FAMILY = "1,2";
			};
			name = Release;
		};
/* End XCBuildConfiguration section */

/* Begin XCConfigurationList section */
		9DC737A1275FDE8F001555AE /* Build configuration list for PBXProject "XbrainPhone" */ = {
			isa = XCConfigurationList;
			buildConfigurations = (
				9DC737B8275FDE91001555AE /* Debug */,
				9DC737B9275FDE91001555AE /* Release */,
			);
			defaultConfigurationIsVisible = 0;
			defaultConfigurationName = Release;
		};
		9DC737BA275FDE91001555AE /* Build configuration list for PBXNativeTarget "XbrainPhone" */ = {
			isa = XCConfigurationList;
			buildConfigurations = (
				9DC737BB275FDE91001555AE /* Debug */,
				9DC737BC275FDE91001555AE /* Release */,
			);
			defaultConfigurationIsVisible = 0;
			defaultConfigurationName = Release;
		};
/* End XCConfigurationList section */
	};
	rootObject = 9DC7379E275FDE8F001555AE /* Project object */;
}
